
Microsoft Visual Studio Solution File, Format Version 12.00
# Visual Studio 15
VisualStudioVersion = 15.0.28307.757
MinimumVisualStudioVersion = 10.0.40219.1
Project("{FAE04EC0-301F-11D3-BF4B-00C04F79EFBC}") = "ONLINE AUCTION PROJECT", "ONLINE AUCTION PROJECT\ONLINE AUCTION PROJECT.csproj", "{B7E3016B-7CD2-493C-BFD5-A507C809B348}"
EndProject
Global
	GlobalSection(SolutionConfigurationPlatforms) = preSolution
		Debug|Any CPU = Debug|Any CPU
		Release|Any CPU = Release|Any CPU
	EndGlobalSection
	GlobalSection(ProjectConfigurationPlatforms) = postSolution
		{B7E3016B-7CD2-493C-BFD5-A507C809B348}.Debug|Any CPU.ActiveCfg = Debug|Any CPU
		{B7E3016B-7CD2-493C-BFD5-A507C809B348}.Debug|Any CPU.Build.0 = Debug|Any CPU
		{B7E3016B-7CD2-493C-BFD5-A507C809B348}.Release|Any CPU.ActiveCfg = Release|Any CPU
		{B7E3016B-7CD2-493C-BFD5-A507C809B348}.Release|Any CPU.Build.0 = Release|Any CPU
	EndGlobalSection
	GlobalSection(SolutionProperties) = preSolution
		HideSolutionNode = FALSE
	EndGlobalSection
	GlobalSection(ExtensibilityGlobals) = postSolution
		SolutionGuid = {5BB9A8A7-FD2D-41CB-B7FD-B61038F4C9C6}
	EndGlobalSection
EndGlobal
